
Microsoft Visual Studio Solution File, Format Version 12.00
# Visual Studio Version 17
VisualStudioVersion = 17.6.33815.320
MinimumVisualStudioVersion = 10.0.40219.1
Project("{9A19103F-16F7-4668-BE54-9A1E7A4F7556}") = "FirstLevelGameConsoleApp", "FirstLevelGameConsoleApp\FirstLevelGameConsoleApp.csproj", "{F7D1CB25-EDCE-475D-BD26-CDA27B2C01E9}"
EndProject
Project("{9A19103F-16F7-4668-BE54-9A1E7A4F7556}") = "SecondLevelGame", "SecondLevelGame\SecondLevelGame.csproj", "{EA8151B7-41EF-4918-93D7-15B4A654C9DB}"
EndProject
Project("{9A19103F-16F7-4668-BE54-9A1E7A4F7556}") = "ThirdLevelGame", "ThirdLevelGame\ThirdLevelGame.csproj", "{DA7DAE02-5C6A-401F-9803-9E549BEC2B80}"
EndProject
Project("{9A19103F-16F7-4668-BE54-9A1E7A4F7556}") = "ThirdLevelGameConsoleApp", "ThirdLevelGameConsoleApp\ThirdLevelGameConsoleApp.csproj", "{5E301C1A-0082-4514-A719-2DA39296B2E6}"
EndProject
Project("{9A19103F-16F7-4668-BE54-9A1E7A4F7556}") = "SecondLevelGameConsoleApp", "SecondLevelGameConsoleApp\SecondLevelGameConsoleApp.csproj", "{17DD3942-C4A3-44FB-843B-B12E4C0CCAC5}"
EndProject
Project("{9A19103F-16F7-4668-BE54-9A1E7A4F7556}") = "FirstLevelGame", "FirstLevelGame\FirstLevelGame.csproj", "{DFBEA93D-74DA-42E2-B19A-551FC5082DCA}"
EndProject
Project("{2150E333-8FDC-42A3-9474-1A3956D46DE8}") = "RockPaperScissorsLizardSpockGame", "RockPaperScissorsLizardSpockGame", "{D55D78C9-1097-42B7-AC08-13B6C2991E9E}"
EndProject
Global
	GlobalSection(SolutionConfigurationPlatforms) = preSolution
		Debug|Any CPU = Debug|Any CPU
		Release|Any CPU = Release|Any CPU
	EndGlobalSection
	GlobalSection(ProjectConfigurationPlatforms) = postSolution
		{F7D1CB25-EDCE-475D-BD26-CDA27B2C01E9}.Debug|Any CPU.ActiveCfg = Debug|Any CPU
		{F7D1CB25-EDCE-475D-BD26-CDA27B2C01E9}.Debug|Any CPU.Build.0 = Debug|Any CPU
		{F7D1CB25-EDCE-475D-BD26-CDA27B2C01E9}.Release|Any CPU.ActiveCfg = Release|Any CPU
		{F7D1CB25-EDCE-475D-BD26-CDA27B2C01E9}.Release|Any CPU.Build.0 = Release|Any CPU
		{EA8151B7-41EF-4918-93D7-15B4A654C9DB}.Debug|Any CPU.ActiveCfg = Debug|Any CPU
		{EA8151B7-41EF-4918-93D7-15B4A654C9DB}.Debug|Any CPU.Build.0 = Debug|Any CPU
		{EA8151B7-41EF-4918-93D7-15B4A654C9DB}.Release|Any CPU.ActiveCfg = Release|Any CPU
		{EA8151B7-41EF-4918-93D7-15B4A654C9DB}.Release|Any CPU.Build.0 = Release|Any CPU
		{DA7DAE02-5C6A-401F-9803-9E549BEC2B80}.Debug|Any CPU.ActiveCfg = Debug|Any CPU
		{DA7DAE02-5C6A-401F-9803-9E549BEC2B80}.Debug|Any CPU.Build.0 = Debug|Any CPU
		{DA7DAE02-5C6A-401F-9803-9E549BEC2B80}.Release|Any CPU.ActiveCfg = Release|Any CPU
		{DA7DAE02-5C6A-401F-9803-9E549BEC2B80}.Release|Any CPU.Build.0 = Release|Any CPU
		{5E301C1A-0082-4514-A719-2DA39296B2E6}.Debug|Any CPU.ActiveCfg = Debug|Any CPU
		{5E301C1A-0082-4514-A719-2DA39296B2E6}.Debug|Any CPU.Build.0 = Debug|Any CPU
		{5E301C1A-0082-4514-A719-2DA39296B2E6}.Release|Any CPU.ActiveCfg = Release|Any CPU
		{5E301C1A-0082-4514-A719-2DA39296B2E6}.Release|Any CPU.Build.0 = Release|Any CPU
		{17DD3942-C4A3-44FB-843B-B12E4C0CCAC5}.Debug|Any CPU.ActiveCfg = Debug|Any CPU
		{17DD3942-C4A3-44FB-843B-B12E4C0CCAC5}.Debug|Any CPU.Build.0 = Debug|Any CPU
		{17DD3942-C4A3-44FB-843B-B12E4C0CCAC5}.Release|Any CPU.ActiveCfg = Release|Any CPU
		{17DD3942-C4A3-44FB-843B-B12E4C0CCAC5}.Release|Any CPU.Build.0 = Release|Any CPU
		{DFBEA93D-74DA-42E2-B19A-551FC5082DCA}.Debug|Any CPU.ActiveCfg = Debug|Any CPU
		{DFBEA93D-74DA-42E2-B19A-551FC5082DCA}.Debug|Any CPU.Build.0 = Debug|Any CPU
		{DFBEA93D-74DA-42E2-B19A-551FC5082DCA}.Release|Any CPU.ActiveCfg = Release|Any CPU
		{DFBEA93D-74DA-42E2-B19A-551FC5082DCA}.Release|Any CPU.Build.0 = Release|Any CPU
	EndGlobalSection
	GlobalSection(SolutionProperties) = preSolution
		HideSolutionNode = FALSE
	EndGlobalSection
	GlobalSection(NestedProjects) = preSolution
		{F7D1CB25-EDCE-475D-BD26-CDA27B2C01E9} = {D55D78C9-1097-42B7-AC08-13B6C2991E9E}
		{EA8151B7-41EF-4918-93D7-15B4A654C9DB} = {D55D78C9-1097-42B7-AC08-13B6C2991E9E}
		{DA7DAE02-5C6A-401F-9803-9E549BEC2B80} = {D55D78C9-1097-42B7-AC08-13B6C2991E9E}
		{5E301C1A-0082-4514-A719-2DA39296B2E6} = {D55D78C9-1097-42B7-AC08-13B6C2991E9E}
		{17DD3942-C4A3-44FB-843B-B12E4C0CCAC5} = {D55D78C9-1097-42B7-AC08-13B6C2991E9E}
		{DFBEA93D-74DA-42E2-B19A-551FC5082DCA} = {D55D78C9-1097-42B7-AC08-13B6C2991E9E}
	EndGlobalSection
	GlobalSection(ExtensibilityGlobals) = postSolution
		SolutionGuid = {AE0B6680-C029-4C80-A68B-29AE06E0891E}
	EndGlobalSection
EndGlobal
